
Microsoft Visual Studio Solution File, Format Version 12.00
# Visual Studio Version 16
VisualStudioVersion = 16.0.30204.135
MinimumVisualStudioVersion = 10.0.40219.1
Project("{FAE04EC0-301F-11D3-BF4B-00C04F79EFBC}") = "leetcode", ".\leetcode.csproj", "{1F722F04-B4F9-4172-9821-9657D8B09F17}"
EndProject
Global
	GlobalSection(SolutionConfigurationPlatforms) = preSolution
		Debug|Any CPU = Debug|Any CPU
		Release|Any CPU = Release|Any CPU
	EndGlobalSection
	GlobalSection(ProjectConfigurationPlatforms) = postSolution
		{1F722F04-B4F9-4172-9821-9657D8B09F17}.Debug|Any CPU.ActiveCfg = Debug|Any CPU
		{1F722F04-B4F9-4172-9821-9657D8B09F17}.Debug|Any CPU.Build.0 = Debug|Any CPU
		{1F722F04-B4F9-4172-9821-9657D8B09F17}.Release|Any CPU.ActiveCfg = Release|Any CPU
		{1F722F04-B4F9-4172-9821-9657D8B09F17}.Release|Any CPU.Build.0 = Release|Any CPU
	EndGlobalSection
	GlobalSection(SolutionProperties) = preSolution
		HideSolutionNode = FALSE
	EndGlobalSection
	GlobalSection(ExtensibilityGlobals) = postSolution
		SolutionGuid = {BF1C4B39-50F4-41FC-86C6-7901EB47951B}
	EndGlobalSection
EndGlobal
